
Microsoft Visual Studio Solution File, Format Version 12.00
# Visual Studio Version 17
VisualStudioVersion = 17.3.32825.248
MinimumVisualStudioVersion = 10.0.40219.1
Project("{FAE04EC0-301F-11D3-BF4B-00C04F79EFBC}") = "TestSqlite", "TestSqlite\TestSqlite.csproj", "{F6BEE03D-629C-46D1-83ED-5100C611756B}"
EndProject
Global
	GlobalSection(SolutionConfigurationPlatforms) = preSolution
		Debug|Any CPU = Debug|Any CPU
		Release|Any CPU = Release|Any CPU
	EndGlobalSection
	GlobalSection(ProjectConfigurationPlatforms) = postSolution
		{F6BEE03D-629C-46D1-83ED-5100C611756B}.Debug|Any CPU.ActiveCfg = Debug|Any CPU
		{F6BEE03D-629C-46D1-83ED-5100C611756B}.Debug|Any CPU.Build.0 = Debug|Any CPU
		{F6BEE03D-629C-46D1-83ED-5100C611756B}.Release|Any CPU.ActiveCfg = Release|Any CPU
		{F6BEE03D-629C-46D1-83ED-5100C611756B}.Release|Any CPU.Build.0 = Release|Any CPU
	EndGlobalSection
	GlobalSection(SolutionProperties) = preSolution
		HideSolutionNode = FALSE
	EndGlobalSection
	GlobalSection(ExtensibilityGlobals) = postSolution
		SolutionGuid = {FB5D9FFD-7A27-407B-870E-85E605438D35}
	EndGlobalSection
EndGlobal
